
Microsoft Visual Studio Solution File, Format Version 12.00
# Visual Studio Version 17
VisualStudioVersion = 17.14.36310.24
MinimumVisualStudioVersion = 10.0.40219.1
Project("{FAE04EC0-301F-11D3-BF4B-00C04F79EFBC}") = "Food-Hub", "Food-Hub\Food-Hub.csproj", "{08A23416-2309-4FCC-8535-156F0F013995}"
EndProject
Project("{FAE04EC0-301F-11D3-BF4B-00C04F79EFBC}") = "Food-Hub.Application", "Food-Hub.Application\Food-Hub.Application.csproj", "{1C219AD1-B456-4791-9C77-E4808C65DFA0}"
EndProject
Project("{FAE04EC0-301F-11D3-BF4B-00C04F79EFBC}") = "Food-Hub.Core", "Food-Hub.Core\Food-Hub.Core.csproj", "{64A46AE4-E6C5-4711-8723-983C6E91CBA3}"
EndProject
Project("{FAE04EC0-301F-11D3-BF4B-00C04F79EFBC}") = "Food-Hub.Infrastructure", "Food-Hub.Infrastructure\Food-Hub.Infrastructure.csproj", "{E6D4C8CC-D00F-427B-BD57-8D7A525DA5E5}"
EndProject
Global
	GlobalSection(SolutionConfigurationPlatforms) = preSolution
		Debug|Any CPU = Debug|Any CPU
		Release|Any CPU = Release|Any CPU
	EndGlobalSection
	GlobalSection(ProjectConfigurationPlatforms) = postSolution
		{08A23416-2309-4FCC-8535-156F0F013995}.Debug|Any CPU.ActiveCfg = Debug|Any CPU
		{08A23416-2309-4FCC-8535-156F0F013995}.Debug|Any CPU.Build.0 = Debug|Any CPU
		{08A23416-2309-4FCC-8535-156F0F013995}.Release|Any CPU.ActiveCfg = Release|Any CPU
		{08A23416-2309-4FCC-8535-156F0F013995}.Release|Any CPU.Build.0 = Release|Any CPU
		{1C219AD1-B456-4791-9C77-E4808C65DFA0}.Debug|Any CPU.ActiveCfg = Debug|Any CPU
		{1C219AD1-B456-4791-9C77-E4808C65DFA0}.Debug|Any CPU.Build.0 = Debug|Any CPU
		{1C219AD1-B456-4791-9C77-E4808C65DFA0}.Release|Any CPU.ActiveCfg = Release|Any CPU
		{1C219AD1-B456-4791-9C77-E4808C65DFA0}.Release|Any CPU.Build.0 = Release|Any CPU
		{64A46AE4-E6C5-4711-8723-983C6E91CBA3}.Debug|Any CPU.ActiveCfg = Debug|Any CPU
		{64A46AE4-E6C5-4711-8723-983C6E91CBA3}.Debug|Any CPU.Build.0 = Debug|Any CPU
		{64A46AE4-E6C5-4711-8723-983C6E91CBA3}.Release|Any CPU.ActiveCfg = Release|Any CPU
		{64A46AE4-E6C5-4711-8723-983C6E91CBA3}.Release|Any CPU.Build.0 = Release|Any CPU
		{E6D4C8CC-D00F-427B-BD57-8D7A525DA5E5}.Debug|Any CPU.ActiveCfg = Debug|Any CPU
		{E6D4C8CC-D00F-427B-BD57-8D7A525DA5E5}.Debug|Any CPU.Build.0 = Debug|Any CPU
		{E6D4C8CC-D00F-427B-BD57-8D7A525DA5E5}.Release|Any CPU.ActiveCfg = Release|Any CPU
		{E6D4C8CC-D00F-427B-BD57-8D7A525DA5E5}.Release|Any CPU.Build.0 = Release|Any CPU
	EndGlobalSection
	GlobalSection(SolutionProperties) = preSolution
		HideSolutionNode = FALSE
	EndGlobalSection
	GlobalSection(ExtensibilityGlobals) = postSolution
		SolutionGuid = {A90B0531-5CA1-45AD-BCF9-691FBD3B09C8}
	EndGlobalSection
EndGlobal
